
Microsoft Visual Studio Solution File, Format Version 12.00
# Visual Studio Version 17
VisualStudioVersion = 17.0.31903.59
MinimumVisualStudioVersion = 10.0.40219.1
Project("{2150E333-8FDC-42A3-9474-1A3956D46DE8}") = "src", "src", "{827E0CD3-B72D-47B6-A68D-7590B98EB39B}"
EndProject
Project("{FAE04EC0-301F-11D3-BF4B-00C04F79EFBC}") = "SimpleCapGIF.Core", "src\SimpleCapGIF.Core\SimpleCapGIF.Core.csproj", "{2684D2B8-863D-4B15-A177-75D811312E13}"
EndProject
Project("{FAE04EC0-301F-11D3-BF4B-00C04F79EFBC}") = "SimpleCapGIF.Localization", "src\SimpleCapGIF.Localization\SimpleCapGIF.Localization.csproj", "{B4DCE186-5FEA-4B1D-97A1-2FC4F7EEA903}"
EndProject
Project("{FAE04EC0-301F-11D3-BF4B-00C04F79EFBC}") = "SimpleCapGIF.Windows", "src\SimpleCapGIF.Windows\SimpleCapGIF.Windows.csproj", "{672B6CF9-0577-49BB-9D27-6BAB08A32201}"
EndProject
Project("{FAE04EC0-301F-11D3-BF4B-00C04F79EFBC}") = "SimpleCapGIF.App", "src\SimpleCapGIF.App\SimpleCapGIF.App.csproj", "{F89811C3-706E-42A9-9D51-DE206E3AB04A}"
EndProject
Project("{2150E333-8FDC-42A3-9474-1A3956D46DE8}") = "tests", "tests", "{0AB3BF05-4346-4AA6-1389-037BE0695223}"
EndProject
Project("{FAE04EC0-301F-11D3-BF4B-00C04F79EFBC}") = "SimpleCapGIF.Core.Tests", "tests\SimpleCapGIF.Core.Tests\SimpleCapGIF.Core.Tests.csproj", "{58C5646D-4650-4C64-8D17-706C1E92A4F9}"
EndProject
Project("{FAE04EC0-301F-11D3-BF4B-00C04F79EFBC}") = "SimpleCapGIF.IntegrationTests", "tests\SimpleCapGIF.IntegrationTests\SimpleCapGIF.IntegrationTests.csproj", "{A4BC57D2-C689-4C8B-8969-50E54438A3EB}"
EndProject
Global
	GlobalSection(SolutionConfigurationPlatforms) = preSolution
		Debug|Any CPU = Debug|Any CPU
		Debug|x64 = Debug|x64
		Debug|x86 = Debug|x86
		Release|Any CPU = Release|Any CPU
		Release|x64 = Release|x64
		Release|x86 = Release|x86
	EndGlobalSection
	GlobalSection(ProjectConfigurationPlatforms) = postSolution
		{2684D2B8-863D-4B15-A177-75D811312E13}.Debug|Any CPU.ActiveCfg = Debug|Any CPU
		{2684D2B8-863D-4B15-A177-75D811312E13}.Debug|Any CPU.Build.0 = Debug|Any CPU
		{2684D2B8-863D-4B15-A177-75D811312E13}.Debug|x64.ActiveCfg = Debug|Any CPU
		{2684D2B8-863D-4B15-A177-75D811312E13}.Debug|x64.Build.0 = Debug|Any CPU
		{2684D2B8-863D-4B15-A177-75D811312E13}.Debug|x86.ActiveCfg = Debug|Any CPU
		{2684D2B8-863D-4B15-A177-75D811312E13}.Debug|x86.Build.0 = Debug|Any CPU
		{2684D2B8-863D-4B15-A177-75D811312E13}.Release|Any CPU.ActiveCfg = Release|Any CPU
		{2684D2B8-863D-4B15-A177-75D811312E13}.Release|Any CPU.Build.0 = Release|Any CPU
		{2684D2B8-863D-4B15-A177-75D811312E13}.Release|x64.ActiveCfg = Release|Any CPU
		{2684D2B8-863D-4B15-A177-75D811312E13}.Release|x64.Build.0 = Release|Any CPU
		{2684D2B8-863D-4B15-A177-75D811312E13}.Release|x86.ActiveCfg = Release|Any CPU
		{2684D2B8-863D-4B15-A177-75D811312E13}.Release|x86.Build.0 = Release|Any CPU
		{B4DCE186-5FEA-4B1D-97A1-2FC4F7EEA903}.Debug|Any CPU.ActiveCfg = Debug|Any CPU
		{B4DCE186-5FEA-4B1D-97A1-2FC4F7EEA903}.Debug|Any CPU.Build.0 = Debug|Any CPU
		{B4DCE186-5FEA-4B1D-97A1-2FC4F7EEA903}.Debug|x64.ActiveCfg = Debug|Any CPU
		{B4DCE186-5FEA-4B1D-97A1-2FC4F7EEA903}.Debug|x64.Build.0 = Debug|Any CPU
		{B4DCE186-5FEA-4B1D-97A1-2FC4F7EEA903}.Debug|x86.ActiveCfg = Debug|Any CPU
		{B4DCE186-5FEA-4B1D-97A1-2FC4F7EEA903}.Debug|x86.Build.0 = Debug|Any CPU
		{B4DCE186-5FEA-4B1D-97A1-2FC4F7EEA903}.Release|Any CPU.ActiveCfg = Release|Any CPU
		{B4DCE186-5FEA-4B1D-97A1-2FC4F7EEA903}.Release|Any CPU.Build.0 = Release|Any CPU
		{B4DCE186-5FEA-4B1D-97A1-2FC4F7EEA903}.Release|x64.ActiveCfg = Release|Any CPU
		{B4DCE186-5FEA-4B1D-97A1-2FC4F7EEA903}.Release|x64.Build.0 = Release|Any CPU
		{B4DCE186-5FEA-4B1D-97A1-2FC4F7EEA903}.Release|x86.ActiveCfg = Release|Any CPU
		{B4DCE186-5FEA-4B1D-97A1-2FC4F7EEA903}.Release|x86.Build.0 = Release|Any CPU
		{672B6CF9-0577-49BB-9D27-6BAB08A32201}.Debug|Any CPU.ActiveCfg = Debug|Any CPU
		{672B6CF9-0577-49BB-9D27-6BAB08A32201}.Debug|Any CPU.Build.0 = Debug|Any CPU
		{672B6CF9-0577-49BB-9D27-6BAB08A32201}.Debug|x64.ActiveCfg = Debug|Any CPU
		{672B6CF9-0577-49BB-9D27-6BAB08A32201}.Debug|x64.Build.0 = Debug|Any CPU
		{672B6CF9-0577-49BB-9D27-6BAB08A32201}.Debug|x86.ActiveCfg = Debug|Any CPU
		{672B6CF9-0577-49BB-9D27-6BAB08A32201}.Debug|x86.Build.0 = Debug|Any CPU
		{672B6CF9-0577-49BB-9D27-6BAB08A32201}.Release|Any CPU.ActiveCfg = Release|Any CPU
		{672B6CF9-0577-49BB-9D27-6BAB08A32201}.Release|Any CPU.Build.0 = Release|Any CPU
		{672B6CF9-0577-49BB-9D27-6BAB08A32201}.Release|x64.ActiveCfg = Release|Any CPU
		{672B6CF9-0577-49BB-9D27-6BAB08A32201}.Release|x64.Build.0 = Release|Any CPU
		{672B6CF9-0577-49BB-9D27-6BAB08A32201}.Release|x86.ActiveCfg = Release|Any CPU
		{672B6CF9-0577-49BB-9D27-6BAB08A32201}.Release|x86.Build.0 = Release|Any CPU
		{F89811C3-706E-42A9-9D51-DE206E3AB04A}.Debug|Any CPU.ActiveCfg = Debug|Any CPU
		{F89811C3-706E-42A9-9D51-DE206E3AB04A}.Debug|Any CPU.Build.0 = Debug|Any CPU
		{F89811C3-706E-42A9-9D51-DE206E3AB04A}.Debug|x64.ActiveCfg = Debug|Any CPU
		{F89811C3-706E-42A9-9D51-DE206E3AB04A}.Debug|x64.Build.0 = Debug|Any CPU
		{F89811C3-706E-42A9-9D51-DE206E3AB04A}.Debug|x86.ActiveCfg = Debug|Any CPU
		{F89811C3-706E-42A9-9D51-DE206E3AB04A}.Debug|x86.Build.0 = Debug|Any CPU
		{F89811C3-706E-42A9-9D51-DE206E3AB04A}.Release|Any CPU.ActiveCfg = Release|Any CPU
		{F89811C3-706E-42A9-9D51-DE206E3AB04A}.Release|Any CPU.Build.0 = Release|Any CPU
		{F89811C3-706E-42A9-9D51-DE206E3AB04A}.Release|x64.ActiveCfg = Release|Any CPU
		{F89811C3-706E-42A9-9D51-DE206E3AB04A}.Release|x64.Build.0 = Release|Any CPU
		{F89811C3-706E-42A9-9D51-DE206E3AB04A}.Release|x86.ActiveCfg = Release|Any CPU
		{F89811C3-706E-42A9-9D51-DE206E3AB04A}.Release|x86.Build.0 = Release|Any CPU
		{58C5646D-4650-4C64-8D17-706C1E92A4F9}.Debug|Any CPU.ActiveCfg = Debug|Any CPU
		{58C5646D-4650-4C64-8D17-706C1E92A4F9}.Debug|Any CPU.Build.0 = Debug|Any CPU
		{58C5646D-4650-4C64-8D17-706C1E92A4F9}.Debug|x64.ActiveCfg = Debug|Any CPU
		{58C5646D-4650-4C64-8D17-706C1E92A4F9}.Debug|x64.Build.0 = Debug|Any CPU
		{58C5646D-4650-4C64-8D17-706C1E92A4F9}.Debug|x86.ActiveCfg = Debug|Any CPU
		{58C5646D-4650-4C64-8D17-706C1E92A4F9}.Debug|x86.Build.0 = Debug|Any CPU
		{58C5646D-4650-4C64-8D17-706C1E92A4F9}.Release|Any CPU.ActiveCfg = Release|Any CPU
		{58C5646D-4650-4C64-8D17-706C1E92A4F9}.Release|Any CPU.Build.0 = Release|Any CPU
		{58C5646D-4650-4C64-8D17-706C1E92A4F9}.Release|x64.ActiveCfg = Release|Any CPU
		{58C5646D-4650-4C64-8D17-706C1E92A4F9}.Release|x64.Build.0 = Release|Any CPU
		{58C5646D-4650-4C64-8D17-706C1E92A4F9}.Release|x86.ActiveCfg = Release|Any CPU
		{58C5646D-4650-4C64-8D17-706C1E92A4F9}.Release|x86.Build.0 = Release|Any CPU
		{A4BC57D2-C689-4C8B-8969-50E54438A3EB}.Debug|Any CPU.ActiveCfg = Debug|Any CPU
		{A4BC57D2-C689-4C8B-8969-50E54438A3EB}.Debug|Any CPU.Build.0 = Debug|Any CPU
		{A4BC57D2-C689-4C8B-8969-50E54438A3EB}.Debug|x64.ActiveCfg = Debug|Any CPU
		{A4BC57D2-C689-4C8B-8969-50E54438A3EB}.Debug|x64.Build.0 = Debug|Any CPU
		{A4BC57D2-C689-4C8B-8969-50E54438A3EB}.Debug|x86.ActiveCfg = Debug|Any CPU
		{A4BC57D2-C689-4C8B-8969-50E54438A3EB}.Debug|x86.Build.0 = Debug|Any CPU
		{A4BC57D2-C689-4C8B-8969-50E54438A3EB}.Release|Any CPU.ActiveCfg = Release|Any CPU
		{A4BC57D2-C689-4C8B-8969-50E54438A3EB}.Release|Any CPU.Build.0 = Release|Any CPU
		{A4BC57D2-C689-4C8B-8969-50E54438A3EB}.Release|x64.ActiveCfg = Release|Any CPU
		{A4BC57D2-C689-4C8B-8969-50E54438A3EB}.Release|x64.Build.0 = Release|Any CPU
		{A4BC57D2-C689-4C8B-8969-50E54438A3EB}.Release|x86.ActiveCfg = Release|Any CPU
		{A4BC57D2-C689-4C8B-8969-50E54438A3EB}.Release|x86.Build.0 = Release|Any CPU
	EndGlobalSection
	GlobalSection(SolutionProperties) = preSolution
		HideSolutionNode = FALSE
	EndGlobalSection
	GlobalSection(NestedProjects) = preSolution
		{2684D2B8-863D-4B15-A177-75D811312E13} = {827E0CD3-B72D-47B6-A68D-7590B98EB39B}
		{B4DCE186-5FEA-4B1D-97A1-2FC4F7EEA903} = {827E0CD3-B72D-47B6-A68D-7590B98EB39B}
		{672B6CF9-0577-49BB-9D27-6BAB08A32201} = {827E0CD3-B72D-47B6-A68D-7590B98EB39B}
		{F89811C3-706E-42A9-9D51-DE206E3AB04A} = {827E0CD3-B72D-47B6-A68D-7590B98EB39B}
		{58C5646D-4650-4C64-8D17-706C1E92A4F9} = {0AB3BF05-4346-4AA6-1389-037BE0695223}
		{A4BC57D2-C689-4C8B-8969-50E54438A3EB} = {0AB3BF05-4346-4AA6-1389-037BE0695223}
	EndGlobalSection
EndGlobal
